
Microsoft Visual Studio Solution File, Format Version 12.00
# Visual Studio Version 17
VisualStudioVersion = 17.9.34723.18
MinimumVisualStudioVersion = 10.0.40219.1
Project("{FAE04EC0-301F-11D3-BF4B-00C04F79EFBC}") = "TrainSystem", "TrainSystem\TrainSystem.csproj", "{0240A604-D28B-4D4C-9734-1B751AB16BEB}"
EndProject
Global
	GlobalSection(SolutionConfigurationPlatforms) = preSolution
		Debug|Any CPU = Debug|Any CPU
		Release|Any CPU = Release|Any CPU
	EndGlobalSection
	GlobalSection(ProjectConfigurationPlatforms) = postSolution
		{0240A604-D28B-4D4C-9734-1B751AB16BEB}.Debug|Any CPU.ActiveCfg = Debug|Any CPU
		{0240A604-D28B-4D4C-9734-1B751AB16BEB}.Debug|Any CPU.Build.0 = Debug|Any CPU
		{0240A604-D28B-4D4C-9734-1B751AB16BEB}.Release|Any CPU.ActiveCfg = Release|Any CPU
		{0240A604-D28B-4D4C-9734-1B751AB16BEB}.Release|Any CPU.Build.0 = Release|Any CPU
	EndGlobalSection
	GlobalSection(SolutionProperties) = preSolution
		HideSolutionNode = FALSE
	EndGlobalSection
	GlobalSection(ExtensibilityGlobals) = postSolution
		SolutionGuid = {278A2A6C-6608-464E-9B9F-010D12BBF0D9}
	EndGlobalSection
EndGlobal
